// !$*UTF8*$!
{
	archiveVersion = 1;
	classes = {
	};
	objectVersion = 46;
	objects = {

/* Begin PBXBuildFile section */
		049D7B2295BC4AD1895E713D /* libPods.a in Frameworks */ = {isa = PBXBuildFile; fileRef = A4F9A71FD5A645109CADCDC8 /* libPods.a */; };
		7B7095951679413C009E985F /* SenTestingKit.framework in Frameworks */ = {isa = PBXBuildFile; fileRef = 7B7095941679413C009E985F /* SenTestingKit.framework */; };
		7BFBA16E15579C220094E7AD /* MPlayer.m in Sources */ = {isa = PBXBuildFile; fileRef = 7BFBA16D15579C220094E7AD /* MPlayer.m */; };
		7BFBA17215579C680094E7AD /* MPlayerSpec.m in Sources */ = {isa = PBXBuildFile; fileRef = 7BFBA17115579C680094E7AD /* MPlayerSpec.m */; };
		7BFBA17C155834380094E7AD /* MPlayerConnection.m in Sources */ = {isa = PBXBuildFile; fileRef = 7BFBA17B155834380094E7AD /* MPlayerConnection.m */; };
		7BFBA1831558698B0094E7AD /* MPlayerLocator.m in Sources */ = {isa = PBXBuildFile; fileRef = 7BFBA1821558698B0094E7AD /* MPlayerLocator.m */; };
		80CAB7A21556CCCD0030F689 /* libPods-test.a in Frameworks */ = {isa = PBXBuildFile; fileRef = 80CAB7A11556CCCD0030F689 /* libPods-test.a */; };
		80D3C34315566D1E0038863C /* Cocoa.framework in Frameworks */ = {isa = PBXBuildFile; fileRef = 80D3C34215566D1E0038863C /* Cocoa.framework */; };
		80D3C34D15566D1E0038863C /* InfoPlist.strings in Resources */ = {isa = PBXBuildFile; fileRef = 80D3C34B15566D1E0038863C /* InfoPlist.strings */; };
		80D3C34F15566D1E0038863C /* main.m in Sources */ = {isa = PBXBuildFile; fileRef = 80D3C34E15566D1E0038863C /* main.m */; };
		80D3C35315566D1E0038863C /* Credits.rtf in Resources */ = {isa = PBXBuildFile; fileRef = 80D3C35115566D1E0038863C /* Credits.rtf */; };
		80D3C35615566D1E0038863C /* AppDelegate.m in Sources */ = {isa = PBXBuildFile; fileRef = 80D3C35515566D1E0038863C /* AppDelegate.m */; };
		80D3C35915566D1E0038863C /* MainMenu.xib in Resources */ = {isa = PBXBuildFile; fileRef = 80D3C35715566D1E0038863C /* MainMenu.xib */; };
		80D3C36215566D1E0038863C /* Cocoa.framework in Frameworks */ = {isa = PBXBuildFile; fileRef = 80D3C34215566D1E0038863C /* Cocoa.framework */; };
		80D3C36A15566D1E0038863C /* InfoPlist.strings in Resources */ = {isa = PBXBuildFile; fileRef = 80D3C36815566D1E0038863C /* InfoPlist.strings */; };
		D56B9558D3FA420DA276D41B /* libPods.a in Frameworks */ = {isa = PBXBuildFile; fileRef = A4F9A71FD5A645109CADCDC8 /* libPods.a */; };
/* End PBXBuildFile section */

/* Begin PBXContainerItemProxy section */
		80D3C36315566D1E0038863C /* PBXContainerItemProxy */ = {
			isa = PBXContainerItemProxy;
			containerPortal = 80D3C33515566D1E0038863C /* Project object */;
			proxyType = 1;
			remoteGlobalIDString = 80D3C33D15566D1E0038863C;
			remoteInfo = mplayer2;
		};
/* End PBXContainerItemProxy section */

/* Begin PBXFileReference section */
		3B8E42DC242048139DE7D404 /* Pods.xcconfig */ = {isa = PBXFileReference; lastKnownFileType = text.xcconfig; name = Pods.xcconfig; path = Pods/Pods.xcconfig; sourceTree = SOURCE_ROOT; };
		7B7095941679413C009E985F /* SenTestingKit.framework */ = {isa = PBXFileReference; lastKnownFileType = wrapper.framework; name = SenTestingKit.framework; path = Library/Frameworks/SenTestingKit.framework; sourceTree = DEVELOPER_DIR; };
		7BFBA16C15579C220094E7AD /* MPlayer.h */ = {isa = PBXFileReference; fileEncoding = 4; lastKnownFileType = sourcecode.c.h; path = MPlayer.h; sourceTree = "<group>"; };
		7BFBA16D15579C220094E7AD /* MPlayer.m */ = {isa = PBXFileReference; fileEncoding = 4; lastKnownFileType = sourcecode.c.objc; path = MPlayer.m; sourceTree = "<group>"; };
		7BFBA17115579C680094E7AD /* MPlayerSpec.m */ = {isa = PBXFileReference; fileEncoding = 4; lastKnownFileType = sourcecode.c.objc; path = MPlayerSpec.m; sourceTree = "<group>"; };
		7BFBA17A155834380094E7AD /* MPlayerConnection.h */ = {isa = PBXFileReference; fileEncoding = 4; lastKnownFileType = sourcecode.c.h; path = MPlayerConnection.h; sourceTree = "<group>"; };
		7BFBA17B155834380094E7AD /* MPlayerConnection.m */ = {isa = PBXFileReference; fileEncoding = 4; lastKnownFileType = sourcecode.c.objc; path = MPlayerConnection.m; sourceTree = "<group>"; };
		7BFBA181155867500094E7AD /* MPlayerLocator.h */ = {isa = PBXFileReference; fileEncoding = 4; lastKnownFileType = sourcecode.c.h; path = MPlayerLocator.h; sourceTree = "<group>"; };
		7BFBA1821558698B0094E7AD /* MPlayerLocator.m */ = {isa = PBXFileReference; fileEncoding = 4; lastKnownFileType = sourcecode.c.objc; path = MPlayerLocator.m; sourceTree = "<group>"; };
		80CAB7A11556CCCD0030F689 /* libPods-test.a */ = {isa = PBXFileReference; lastKnownFileType = archive.ar; name = "libPods-test.a"; path = "DerivedData/mplayer2/Build/Products/Debug/libPods-test.a"; sourceTree = "<group>"; };
		80D3C33E15566D1E0038863C /* mplayer2.app */ = {isa = PBXFileReference; explicitFileType = wrapper.application; includeInIndex = 0; path = mplayer2.app; sourceTree = BUILT_PRODUCTS_DIR; };
		80D3C34215566D1E0038863C /* Cocoa.framework */ = {isa = PBXFileReference; lastKnownFileType = wrapper.framework; name = Cocoa.framework; path = System/Library/Frameworks/Cocoa.framework; sourceTree = SDKROOT; };
		80D3C34515566D1E0038863C /* AppKit.framework */ = {isa = PBXFileReference; lastKnownFileType = wrapper.framework; name = AppKit.framework; path = System/Library/Frameworks/AppKit.framework; sourceTree = SDKROOT; };
		80D3C34615566D1E0038863C /* CoreData.framework */ = {isa = PBXFileReference; lastKnownFileType = wrapper.framework; name = CoreData.framework; path = System/Library/Frameworks/CoreData.framework; sourceTree = SDKROOT; };
		80D3C34715566D1E0038863C /* Foundation.framework */ = {isa = PBXFileReference; lastKnownFileType = wrapper.framework; name = Foundation.framework; path = System/Library/Frameworks/Foundation.framework; sourceTree = SDKROOT; };
		80D3C34A15566D1E0038863C /* mplayer2-Info.plist */ = {isa = PBXFileReference; lastKnownFileType = text.plist.xml; path = "mplayer2-Info.plist"; sourceTree = "<group>"; };
		80D3C34C15566D1E0038863C /* en */ = {isa = PBXFileReference; lastKnownFileType = text.plist.strings; name = en; path = en.lproj/InfoPlist.strings; sourceTree = "<group>"; };
		80D3C34E15566D1E0038863C /* main.m */ = {isa = PBXFileReference; lastKnownFileType = sourcecode.c.objc; path = main.m; sourceTree = "<group>"; };
		80D3C35015566D1E0038863C /* mplayer2-Prefix.pch */ = {isa = PBXFileReference; lastKnownFileType = sourcecode.c.h; path = "mplayer2-Prefix.pch"; sourceTree = "<group>"; };
		80D3C35215566D1E0038863C /* en */ = {isa = PBXFileReference; lastKnownFileType = text.rtf; name = en; path = en.lproj/Credits.rtf; sourceTree = "<group>"; };
		80D3C35415566D1E0038863C /* AppDelegate.h */ = {isa = PBXFileReference; lastKnownFileType = sourcecode.c.h; path = AppDelegate.h; sourceTree = "<group>"; };
		80D3C35515566D1E0038863C /* AppDelegate.m */ = {isa = PBXFileReference; lastKnownFileType = sourcecode.c.objc; path = AppDelegate.m; sourceTree = "<group>"; };
		80D3C35815566D1E0038863C /* en */ = {isa = PBXFileReference; lastKnownFileType = file.xib; name = en; path = en.lproj/MainMenu.xib; sourceTree = "<group>"; };
		80D3C35F15566D1E0038863C /* mplayer2Tests.octest */ = {isa = PBXFileReference; explicitFileType = wrapper.cfbundle; includeInIndex = 0; path = mplayer2Tests.octest; sourceTree = BUILT_PRODUCTS_DIR; };
		80D3C36715566D1E0038863C /* mplayer2Tests-Info.plist */ = {isa = PBXFileReference; lastKnownFileType = text.plist.xml; path = "mplayer2Tests-Info.plist"; sourceTree = "<group>"; };
		80D3C36915566D1E0038863C /* en */ = {isa = PBXFileReference; lastKnownFileType = text.plist.strings; name = en; path = en.lproj/InfoPlist.strings; sourceTree = "<group>"; };
		A4F9A71FD5A645109CADCDC8 /* libPods.a */ = {isa = PBXFileReference; explicitFileType = archive.ar; includeInIndex = 0; path = libPods.a; sourceTree = BUILT_PRODUCTS_DIR; };
/* End PBXFileReference section */

/* Begin PBXFrameworksBuildPhase section */
		80D3C33B15566D1E0038863C /* Frameworks */ = {
			isa = PBXFrameworksBuildPhase;
			buildActionMask = 2147483647;
			files = (
				80D3C34315566D1E0038863C /* Cocoa.framework in Frameworks */,
				D56B9558D3FA420DA276D41B /* libPods.a in Frameworks */,
			);
			runOnlyForDeploymentPostprocessing = 0;
		};
		80D3C35B15566D1E0038863C /* Frameworks */ = {
			isa = PBXFrameworksBuildPhase;
			buildActionMask = 2147483647;
			files = (
				7B7095951679413C009E985F /* SenTestingKit.framework in Frameworks */,
				80CAB7A21556CCCD0030F689 /* libPods-test.a in Frameworks */,
				80D3C36215566D1E0038863C /* Cocoa.framework in Frameworks */,
				049D7B2295BC4AD1895E713D /* libPods.a in Frameworks */,
			);
			runOnlyForDeploymentPostprocessing = 0;
		};
/* End PBXFrameworksBuildPhase section */

/* Begin PBXGroup section */
		7BFBA16B15579C220094E7AD /* models */ = {
			isa = PBXGroup;
			children = (
				7BFBA181155867500094E7AD /* MPlayerLocator.h */,
				7BFBA1821558698B0094E7AD /* MPlayerLocator.m */,
				7BFBA17A155834380094E7AD /* MPlayerConnection.h */,
				7BFBA17B155834380094E7AD /* MPlayerConnection.m */,
				7BFBA16C15579C220094E7AD /* MPlayer.h */,
				7BFBA16D15579C220094E7AD /* MPlayer.m */,
			);
			path = models;
			sourceTree = "<group>";
		};
		7BFBA17015579C680094E7AD /* models */ = {
			isa = PBXGroup;
			children = (
				7BFBA17115579C680094E7AD /* MPlayerSpec.m */,
			);
			path = models;
			sourceTree = "<group>";
		};
		80D3C33315566D1E0038863C = {
			isa = PBXGroup;
			children = (
				7B7095941679413C009E985F /* SenTestingKit.framework */,
				80D3C34815566D1E0038863C /* mplayer2 */,
				80D3C36515566D1E0038863C /* mplayer2Tests */,
				80D3C34115566D1E0038863C /* Frameworks */,
				80D3C33F15566D1E0038863C /* Products */,
				3B8E42DC242048139DE7D404 /* Pods.xcconfig */,
			);
			sourceTree = "<group>";
		};
		80D3C33F15566D1E0038863C /* Products */ = {
			isa = PBXGroup;
			children = (
				80D3C33E15566D1E0038863C /* mplayer2.app */,
				80D3C35F15566D1E0038863C /* mplayer2Tests.octest */,
			);
			name = Products;
			sourceTree = "<group>";
		};
		80D3C34115566D1E0038863C /* Frameworks */ = {
			isa = PBXGroup;
			children = (
				80D3C34215566D1E0038863C /* Cocoa.framework */,
				80D3C34415566D1E0038863C /* Other Frameworks */,
				A4F9A71FD5A645109CADCDC8 /* libPods.a */,
				80CAB7A11556CCCD0030F689 /* libPods-test.a */,
			);
			name = Frameworks;
			sourceTree = "<group>";
		};
		80D3C34415566D1E0038863C /* Other Frameworks */ = {
			isa = PBXGroup;
			children = (
				80D3C34515566D1E0038863C /* AppKit.framework */,
				80D3C34615566D1E0038863C /* CoreData.framework */,
				80D3C34715566D1E0038863C /* Foundation.framework */,
			);
			name = "Other Frameworks";
			sourceTree = "<group>";
		};
		80D3C34815566D1E0038863C /* mplayer2 */ = {
			isa = PBXGroup;
			children = (
				7BFBA16B15579C220094E7AD /* models */,
				80D3C35415566D1E0038863C /* AppDelegate.h */,
				80D3C35515566D1E0038863C /* AppDelegate.m */,
				80D3C35715566D1E0038863C /* MainMenu.xib */,
				80D3C34915566D1E0038863C /* Supporting Files */,
			);
			path = mplayer2;
			sourceTree = "<group>";
		};
		80D3C34915566D1E0038863C /* Supporting Files */ = {
			isa = PBXGroup;
			children = (
				80D3C34A15566D1E0038863C /* mplayer2-Info.plist */,
				80D3C34B15566D1E0038863C /* InfoPlist.strings */,
				80D3C34E15566D1E0038863C /* main.m */,
				80D3C35015566D1E0038863C /* mplayer2-Prefix.pch */,
				80D3C35115566D1E0038863C /* Credits.rtf */,
			);
			name = "Supporting Files";
			sourceTree = "<group>";
		};
		80D3C36515566D1E0038863C /* mplayer2Tests */ = {
			isa = PBXGroup;
			children = (
				7BFBA17015579C680094E7AD /* models */,
				80D3C36615566D1E0038863C /* Supporting Files */,
			);
			path = mplayer2Tests;
			sourceTree = "<group>";
		};
		80D3C36615566D1E0038863C /* Supporting Files */ = {
			isa = PBXGroup;
			children = (
				80D3C36715566D1E0038863C /* mplayer2Tests-Info.plist */,
				80D3C36815566D1E0038863C /* InfoPlist.strings */,
			);
			name = "Supporting Files";
			sourceTree = "<group>";
		};
/* End PBXGroup section */

/* Begin PBXNativeTarget section */
		80D3C33D15566D1E0038863C /* mplayer2 */ = {
			isa = PBXNativeTarget;
			buildConfigurationList = 80D3C37015566D1E0038863C /* Build configuration list for PBXNativeTarget "mplayer2" */;
			buildPhases = (
				80D3C33A15566D1E0038863C /* Sources */,
				80D3C33B15566D1E0038863C /* Frameworks */,
				80D3C33C15566D1E0038863C /* Resources */,
				FB15FA92377D45BFB907D7C1 /* Copy Pods Resources */,
			);
			buildRules = (
			);
			dependencies = (
			);
			name = mplayer2;
			productName = mplayer2;
			productReference = 80D3C33E15566D1E0038863C /* mplayer2.app */;
			productType = "com.apple.product-type.application";
		};
		80D3C35E15566D1E0038863C /* mplayer2Tests */ = {
			isa = PBXNativeTarget;
			buildConfigurationList = 80D3C37315566D1E0038863C /* Build configuration list for PBXNativeTarget "mplayer2Tests" */;
			buildPhases = (
				80D3C35A15566D1E0038863C /* Sources */,
				80D3C35B15566D1E0038863C /* Frameworks */,
				80D3C35C15566D1E0038863C /* Resources */,
				80D3C35D15566D1E0038863C /* ShellScript */,
				FB15FA92377D45BFB907D7C1 /* Copy Pods Resources */,
			);
			buildRules = (
			);
			dependencies = (
				80D3C36415566D1E0038863C /* PBXTargetDependency */,
			);
			name = mplayer2Tests;
			productName = mplayer2Tests;
			productReference = 80D3C35F15566D1E0038863C /* mplayer2Tests.octest */;
			productType = "com.apple.product-type.bundle";
		};
/* End PBXNativeTarget section */

/* Begin PBXProject section */
		80D3C33515566D1E0038863C /* Project object */ = {
			isa = PBXProject;
			attributes = {
				LastUpgradeCheck = 0420;
			};
			buildConfigurationList = 80D3C33815566D1E0038863C /* Build configuration list for PBXProject "mplayer2" */;
			compatibilityVersion = "Xcode 3.2";
			developmentRegion = English;
			hasScannedForEncodings = 0;
			knownRegions = (
				en,
			);
			mainGroup = 80D3C33315566D1E0038863C;
			productRefGroup = 80D3C33F15566D1E0038863C /* Products */;
			projectDirPath = "";
			projectRoot = "";
			targets = (
				80D3C33D15566D1E0038863C /* mplayer2 */,
				80D3C35E15566D1E0038863C /* mplayer2Tests */,
			);
		};
/* End PBXProject section */

/* Begin PBXResourcesBuildPhase section */
		80D3C33C15566D1E0038863C /* Resources */ = {
			isa = PBXResourcesBuildPhase;
			buildActionMask = 2147483647;
			files = (
				80D3C34D15566D1E0038863C /* InfoPlist.strings in Resources */,
				80D3C35315566D1E0038863C /* Credits.rtf in Resources */,
				80D3C35915566D1E0038863C /* MainMenu.xib in Resources */,
			);
			runOnlyForDeploymentPostprocessing = 0;
		};
		80D3C35C15566D1E0038863C /* Resources */ = {
			isa = PBXResourcesBuildPhase;
			buildActionMask = 2147483647;
			files = (
				80D3C36A15566D1E0038863C /* InfoPlist.strings in Resources */,
			);
			runOnlyForDeploymentPostprocessing = 0;
		};
/* End PBXResourcesBuildPhase section */

/* Begin PBXShellScriptBuildPhase section */
		80D3C35D15566D1E0038863C /* ShellScript */ = {
			isa = PBXShellScriptBuildPhase;
			buildActionMask = 2147483647;
			files = (
			);
			inputPaths = (
			);
			outputPaths = (
			);
			runOnlyForDeploymentPostprocessing = 0;
			shellPath = /bin/sh;
			shellScript = "# Run the unit tests in this test bundle.\n\"${SYSTEM_DEVELOPER_DIR}/Tools/RunUnitTests\"\n";
		};
		FB15FA92377D45BFB907D7C1 /* Copy Pods Resources */ = {
			isa = PBXShellScriptBuildPhase;
			buildActionMask = 2147483647;
			files = (
			);
			inputPaths = (
			);
			name = "Copy Pods Resources";
			outputPaths = (
			);
			runOnlyForDeploymentPostprocessing = 0;
			shellPath = /bin/sh;
			shellScript = "\"${SRCROOT}/Pods/Pods-resources.sh\"\n";
		};
/* End PBXShellScriptBuildPhase section */

/* Begin PBXSourcesBuildPhase section */
		80D3C33A15566D1E0038863C /* Sources */ = {
			isa = PBXSourcesBuildPhase;
			buildActionMask = 2147483647;
			files = (
				80D3C34F15566D1E0038863C /* main.m in Sources */,
				80D3C35615566D1E0038863C /* AppDelegate.m in Sources */,
				7BFBA16E15579C220094E7AD /* MPlayer.m in Sources */,
				7BFBA17C155834380094E7AD /* MPlayerConnection.m in Sources */,
				7BFBA1831558698B0094E7AD /* MPlayerLocator.m in Sources */,
			);
			runOnlyForDeploymentPostprocessing = 0;
		};
		80D3C35A15566D1E0038863C /* Sources */ = {
			isa = PBXSourcesBuildPhase;
			buildActionMask = 2147483647;
			files = (
				7BFBA17215579C680094E7AD /* MPlayerSpec.m in Sources */,
			);
			runOnlyForDeploymentPostprocessing = 0;
		};
/* End PBXSourcesBuildPhase section */

/* Begin PBXTargetDependency section */
		80D3C36415566D1E0038863C /* PBXTargetDependency */ = {
			isa = PBXTargetDependency;
			target = 80D3C33D15566D1E0038863C /* mplayer2 */;
			targetProxy = 80D3C36315566D1E0038863C /* PBXContainerItemProxy */;
		};
/* End PBXTargetDependency section */

/* Begin PBXVariantGroup section */
		80D3C34B15566D1E0038863C /* InfoPlist.strings */ = {
			isa = PBXVariantGroup;
			children = (
				80D3C34C15566D1E0038863C /* en */,
			);
			name = InfoPlist.strings;
			sourceTree = "<group>";
		};
		80D3C35115566D1E0038863C /* Credits.rtf */ = {
			isa = PBXVariantGroup;
			children = (
				80D3C35215566D1E0038863C /* en */,
			);
			name = Credits.rtf;
			sourceTree = "<group>";
		};
		80D3C35715566D1E0038863C /* MainMenu.xib */ = {
			isa = PBXVariantGroup;
			children = (
				80D3C35815566D1E0038863C /* en */,
			);
			name = MainMenu.xib;
			sourceTree = "<group>";
		};
		80D3C36815566D1E0038863C /* InfoPlist.strings */ = {
			isa = PBXVariantGroup;
			children = (
				80D3C36915566D1E0038863C /* en */,
			);
			name = InfoPlist.strings;
			sourceTree = "<group>";
		};
/* End PBXVariantGroup section */

/* Begin XCBuildConfiguration section */
		80D3C36E15566D1E0038863C /* Debug */ = {
			isa = XCBuildConfiguration;
			buildSettings = {
				ALWAYS_SEARCH_USER_PATHS = NO;
				ARCHS = "$(ARCHS_STANDARD_64_BIT)";
				COPY_PHASE_STRIP = NO;
				GCC_C_LANGUAGE_STANDARD = gnu99;
				GCC_DYNAMIC_NO_PIC = NO;
				GCC_ENABLE_OBJC_EXCEPTIONS = YES;
				GCC_OPTIMIZATION_LEVEL = 0;
				GCC_PREPROCESSOR_DEFINITIONS = (
					"DEBUG=1",
					"$(inherited)",
				);
				GCC_SYMBOLS_PRIVATE_EXTERN = NO;
				GCC_VERSION = com.apple.compilers.llvm.clang.1_0;
				GCC_WARN_64_TO_32_BIT_CONVERSION = YES;
				GCC_WARN_ABOUT_MISSING_PROTOTYPES = YES;
				GCC_WARN_ABOUT_RETURN_TYPE = YES;
				GCC_WARN_UNUSED_VARIABLE = YES;
				MACOSX_DEPLOYMENT_TARGET = 10.7;
				ONLY_ACTIVE_ARCH = YES;
				SDKROOT = macosx;
			};
			name = Debug;
		};
		80D3C36F15566D1E0038863C /* Release */ = {
			isa = XCBuildConfiguration;
			buildSettings = {
				ALWAYS_SEARCH_USER_PATHS = NO;
				ARCHS = "$(ARCHS_STANDARD_64_BIT)";
				COPY_PHASE_STRIP = YES;
				DEBUG_INFORMATION_FORMAT = "dwarf-with-dsym";
				GCC_C_LANGUAGE_STANDARD = gnu99;
				GCC_ENABLE_OBJC_EXCEPTIONS = YES;
				GCC_VERSION = com.apple.compilers.llvm.clang.1_0;
				GCC_WARN_64_TO_32_BIT_CONVERSION = YES;
				GCC_WARN_ABOUT_MISSING_PROTOTYPES = YES;
				GCC_WARN_ABOUT_RETURN_TYPE = YES;
				GCC_WARN_UNUSED_VARIABLE = YES;
				MACOSX_DEPLOYMENT_TARGET = 10.7;
				SDKROOT = macosx;
			};
			name = Release;
		};
		80D3C37115566D1E0038863C /* Debug */ = {
			isa = XCBuildConfiguration;
			baseConfigurationReference = 3B8E42DC242048139DE7D404 /* Pods.xcconfig */;
			buildSettings = {
				DSTROOT = /tmp/xcodeproj.dst;
				GCC_PRECOMPILE_PREFIX_HEADER = YES;
				GCC_PREFIX_HEADER = "mplayer2/mplayer2-Prefix.pch";
				GCC_VERSION = com.apple.compilers.llvm.clang.1_0;
				INFOPLIST_FILE = "mplayer2/mplayer2-Info.plist";
				PRODUCT_NAME = "$(TARGET_NAME)";
				SKIP_INSTALL = YES;
				WRAPPER_EXTENSION = app;
			};
			name = Debug;
		};
		80D3C37215566D1E0038863C /* Release */ = {
			isa = XCBuildConfiguration;
			baseConfigurationReference = 3B8E42DC242048139DE7D404 /* Pods.xcconfig */;
			buildSettings = {
				DSTROOT = /tmp/xcodeproj.dst;
				GCC_PRECOMPILE_PREFIX_HEADER = YES;
				GCC_PREFIX_HEADER = "mplayer2/mplayer2-Prefix.pch";
				GCC_VERSION = com.apple.compilers.llvm.clang.1_0;
				INFOPLIST_FILE = "mplayer2/mplayer2-Info.plist";
				PRODUCT_NAME = "$(TARGET_NAME)";
				SKIP_INSTALL = YES;
				WRAPPER_EXTENSION = app;
			};
			name = Release;
		};
		80D3C37415566D1E0038863C /* Debug */ = {
			isa = XCBuildConfiguration;
			baseConfigurationReference = 3B8E42DC242048139DE7D404 /* Pods.xcconfig */;
			buildSettings = {
				BUNDLE_LOADER = "$(BUILT_PRODUCTS_DIR)/mplayer2.app/Contents/MacOS/mplayer2";
				DSTROOT = /tmp/xcodeproj.dst;
				FRAMEWORK_SEARCH_PATHS = "$(DEVELOPER_LIBRARY_DIR)/Frameworks";
				GCC_PRECOMPILE_PREFIX_HEADER = YES;
				GCC_PREFIX_HEADER = "mplayer2/mplayer2-Prefix.pch";
				GCC_VERSION = com.apple.compilers.llvm.clang.1_0;
				INFOPLIST_FILE = "mplayer2Tests/mplayer2Tests-Info.plist";
				LIBRARY_SEARCH_PATHS = (
					"$(inherited)",
					"\"$(SRCROOT)/DerivedData/mplayer2/Build/Products/Debug\"",
				);
				PRODUCT_NAME = "$(TARGET_NAME)";
				SKIP_INSTALL = YES;
				TEST_HOST = "$(BUNDLE_LOADER)";
				WRAPPER_EXTENSION = octest;
			};
			name = Debug;
		};
		80D3C37515566D1E0038863C /* Release */ = {
			isa = XCBuildConfiguration;
			baseConfigurationReference = 3B8E42DC242048139DE7D404 /* Pods.xcconfig */;
			buildSettings = {
				BUNDLE_LOADER = "$(BUILT_PRODUCTS_DIR)/mplayer2.app/Contents/MacOS/mplayer2";
				DSTROOT = /tmp/xcodeproj.dst;
				FRAMEWORK_SEARCH_PATHS = "$(DEVELOPER_LIBRARY_DIR)/Frameworks";
				GCC_PRECOMPILE_PREFIX_HEADER = YES;
				GCC_PREFIX_HEADER = "mplayer2/mplayer2-Prefix.pch";
				GCC_VERSION = com.apple.compilers.llvm.clang.1_0;
				INFOPLIST_FILE = "mplayer2Tests/mplayer2Tests-Info.plist";
				LIBRARY_SEARCH_PATHS = (
					"$(inherited)",
					"\"$(SRCROOT)/DerivedData/mplayer2/Build/Products/Debug\"",
				);
				PRODUCT_NAME = "$(TARGET_NAME)";
				SKIP_INSTALL = YES;
				TEST_HOST = "$(BUNDLE_LOADER)";
				WRAPPER_EXTENSION = octest;
			};
			name = Release;
		};
/* End XCBuildConfiguration section */

/* Begin XCConfigurationList section */
		80D3C33815566D1E0038863C /* Build configuration list for PBXProject "mplayer2" */ = {
			isa = XCConfigurationList;
			buildConfigurations = (
				80D3C36E15566D1E0038863C /* Debug */,
				80D3C36F15566D1E0038863C /* Release */,
			);
			defaultConfigurationIsVisible = 0;
			defaultConfigurationName = Release;
		};
		80D3C37015566D1E0038863C /* Build configuration list for PBXNativeTarget "mplayer2" */ = {
			isa = XCConfigurationList;
			buildConfigurations = (
				80D3C37115566D1E0038863C /* Debug */,
				80D3C37215566D1E0038863C /* Release */,
			);
			defaultConfigurationIsVisible = 0;
			defaultConfigurationName = Release;
		};
		80D3C37315566D1E0038863C /* Build configuration list for PBXNativeTarget "mplayer2Tests" */ = {
			isa = XCConfigurationList;
			buildConfigurations = (
				80D3C37415566D1E0038863C /* Debug */,
				80D3C37515566D1E0038863C /* Release */,
			);
			defaultConfigurationIsVisible = 0;
			defaultConfigurationName = Release;
		};
/* End XCConfigurationList section */
	};
	rootObject = 80D3C33515566D1E0038863C /* Project object */;
}
